{
  "name": "mvce-cache",
  "version": "0.0.1",
  "lockfileVersion": 3,
  "requires": true,
  "packages": {
    "": {
      "name": "mvce-cache",
      "version": "0.0.1",
      "license": "Apache-2.0",
      "devDependencies": {
        "@types/node": "^24.7.0",
        "typescript": "^5.4.5"
      },
      "engines": {
        "node": ">=22.0.0"
      },
      "peerDependencies": {
        "@nori-zk/o1js-zk-utils": "0.0.15",
        "o1js": "https://pkg.pr.new/o1-labs/o1js@37bfbfa"
      }
    },
    "node_modules/@adraffy/ens-normalize": {
      "version": "1.10.1",
      "resolved": "https://registry.npmjs.org/@adraffy/ens-normalize/-/ens-normalize-1.10.1.tgz",
      "integrity": "sha512-96Z2IP3mYmF1Xg2cDm8f1gWGf/HUVedQ3FMifV4kG/PQ4yEP51xDtRAEfhVNt5f/uzpNkZHwWQuUcu6D6K+Ekw==",
      "license": "MIT",
      "peer": true
    },
    "node_modules/@noble/curves": {
      "version": "1.2.0",
      "resolved": "https://registry.npmjs.org/@noble/curves/-/curves-1.2.0.tgz",
      "integrity": "sha512-oYclrNgRaM9SsBUBVbb8M6DTV7ZHRTKugureoYEncY5c65HOmRzvSiTE3y5CYaPYJA/GVkrhXEoF0M3Ya9PMnw==",
      "license": "MIT",
      "peer": true,
      "dependencies": {
        "@noble/hashes": "1.3.2"
      },
      "funding": {
        "url": "https://paulmillr.com/funding/"
      }
    },
    "node_modules/@noble/hashes": {
      "version": "1.3.2",
      "resolved": "https://registry.npmjs.org/@noble/hashes/-/hashes-1.3.2.tgz",
      "integrity": "sha512-MVC8EAQp7MvEcm30KWENFjgR+Mkmf+D189XJTkFIlwohU5hcBbn1ZkKq7KVTi2Hme3PMGF390DaL52beVrIihQ==",
      "license": "MIT",
      "peer": true,
      "engines": {
        "node": ">= 16"
      },
      "funding": {
        "url": "https://paulmillr.com/funding/"
      }
    },
    "node_modules/@nori-zk/o1js-zk-utils": {
      "version": "0.0.15",
      "resolved": "https://registry.npmjs.org/@nori-zk/o1js-zk-utils/-/o1js-zk-utils-0.0.15.tgz",
      "integrity": "sha512-jReDQzROIVgUFDhbOZ3sVRUl2zc465mmKr2wp3PymDJu0rwvRL6amH+KrhdL/H5KEc7Z0NKEcLTk6AMlmnuucA==",
      "license": "Apache-2.0",
      "peer": true,
      "dependencies": {
        "@nori-zk/proof-conversion": "^0.5.14",
        "dotenv": "^16.4.7",
        "mina-attestations": "^0.5.2"
      },
      "engines": {
        "node": ">=22.0.0"
      },
      "peerDependencies": {
        "o1js": "2.10.0"
      }
    },
    "node_modules/@nori-zk/proof-conversion": {
      "version": "0.5.15",
      "resolved": "https://registry.npmjs.org/@nori-zk/proof-conversion/-/proof-conversion-0.5.15.tgz",
      "integrity": "sha512-dF/UFIwddaDop4Xc8Pe/XIJLjAFc3tWOuFAPo+V8ksbUGfh8kKJxrHzL/C4E6gOMrqtbfwyOryni+ZCMGLPClw==",
      "license": "Apache-2.0",
      "peer": true,
      "dependencies": {
        "@nori-zk/proof-conversion-pairing-utils": "^0.4.0",
        "bytebuffer": "^5.0.1",
        "chalk": "^5.4.1",
        "commander": "^13.1.0",
        "ethers": "^6.13.1",
        "typescript": "^5.4.5"
      },
      "bin": {
        "nori-proof-converter": "build/src/bin/cli-wrapper.js"
      },
      "engines": {
        "node": ">=22.0.0"
      },
      "peerDependencies": {
        "o1js": "2.3.0"
      }
    },
    "node_modules/@nori-zk/proof-conversion-pairing-utils": {
      "version": "0.4.0",
      "resolved": "https://registry.npmjs.org/@nori-zk/proof-conversion-pairing-utils/-/proof-conversion-pairing-utils-0.4.0.tgz",
      "integrity": "sha512-x1zXJgPTLktFrh+SJ7x8X+fkCwZ9bdrBdIioYzdvKTEQ5wWIEBc5IP8pMOOkhXKNiwx1zwny5gtGtyBuIp1gkA==",
      "license": "Apache-2.0",
      "peer": true
    },
    "node_modules/@types/node": {
      "version": "24.10.1",
      "resolved": "https://registry.npmjs.org/@types/node/-/node-24.10.1.tgz",
      "integrity": "sha512-GNWcUTRBgIRJD5zj+Tq0fKOJ5XZajIiBroOF0yvj2bSU1WvNdYS/dn9UxwsujGW4JX06dnHyjV2y9rRaybH0iQ==",
      "dev": true,
      "license": "MIT",
      "dependencies": {
        "undici-types": "~7.16.0"
      }
    },
    "node_modules/aes-js": {
      "version": "4.0.0-beta.5",
      "resolved": "https://registry.npmjs.org/aes-js/-/aes-js-4.0.0-beta.5.tgz",
      "integrity": "sha512-G965FqalsNyrPqgEGON7nIx1e/OVENSgiEIzyC63haUMuvNnwIgIjMs52hlTCKhkBny7A2ORNlfY9Zu+jmGk1Q==",
      "license": "MIT",
      "peer": true
    },
    "node_modules/blakejs": {
      "version": "1.2.1",
      "resolved": "https://registry.npmjs.org/blakejs/-/blakejs-1.2.1.tgz",
      "integrity": "sha512-QXUSXI3QVc/gJME0dBpXrag1kbzOqCjCX8/b54ntNyW6sjtoqxqRk3LTmXzaJoh71zMsDCjM+47jS7XiwN/+fQ==",
      "license": "MIT",
      "peer": true
    },
    "node_modules/bytebuffer": {
      "version": "5.0.1",
      "resolved": "https://registry.npmjs.org/bytebuffer/-/bytebuffer-5.0.1.tgz",
      "integrity": "sha512-IuzSdmADppkZ6DlpycMkm8l9zeEq16fWtLvunEwFiYciR/BHo4E8/xs5piFquG+Za8OWmMqHF8zuRviz2LHvRQ==",
      "license": "Apache-2.0",
      "peer": true,
      "dependencies": {
        "long": "~3"
      },
      "engines": {
        "node": ">=0.8"
      }
    },
    "node_modules/cachedir": {
      "version": "2.4.0",
      "resolved": "https://registry.npmjs.org/cachedir/-/cachedir-2.4.0.tgz",
      "integrity": "sha512-9EtFOZR8g22CL7BWjJ9BUx1+A/djkofnyW3aOXZORNW2kxoUpx2h+uN2cOqwPmFhnpVmxg+KW2OjOSgChTEvsQ==",
      "license": "MIT",
      "peer": true,
      "engines": {
        "node": ">=6"
      }
    },
    "node_modules/chalk": {
      "version": "5.6.2",
      "resolved": "https://registry.npmjs.org/chalk/-/chalk-5.6.2.tgz",
      "integrity": "sha512-7NzBL0rN6fMUW+f7A6Io4h40qQlG+xGmtMxfbnH/K7TAtt8JQWVQK+6g0UXKMeVJoyV5EkkNsErQ8pVD3bLHbA==",
      "license": "MIT",
      "peer": true,
      "engines": {
        "node": "^12.17.0 || ^14.13 || >=16.0.0"
      },
      "funding": {
        "url": "https://github.com/chalk/chalk?sponsor=1"
      }
    },
    "node_modules/commander": {
      "version": "13.1.0",
      "resolved": "https://registry.npmjs.org/commander/-/commander-13.1.0.tgz",
      "integrity": "sha512-/rFeCpNJQbhSZjGVwO9RFV3xPqbnERS8MmIQzCtD/zl6gpJuV/bMLuN92oG3F7d8oDEHHRrujSXNUr8fpjntKw==",
      "license": "MIT",
      "peer": true,
      "engines": {
        "node": ">=18"
      }
    },
    "node_modules/dotenv": {
      "version": "16.6.1",
      "resolved": "https://registry.npmjs.org/dotenv/-/dotenv-16.6.1.tgz",
      "integrity": "sha512-uBq4egWHTcTt33a72vpSG0z3HnPuIl6NqYcTrKEg2azoEyl2hpW0zqlxysq2pK9HlDIHyHyakeYaYnSAwd8bow==",
      "license": "BSD-2-Clause",
      "peer": true,
      "engines": {
        "node": ">=12"
      },
      "funding": {
        "url": "https://dotenvx.com"
      }
    },
    "node_modules/error-stack-parser": {
      "version": "2.1.4",
      "resolved": "https://registry.npmjs.org/error-stack-parser/-/error-stack-parser-2.1.4.tgz",
      "integrity": "sha512-Sk5V6wVazPhq5MhpO+AUxJn5x7XSXGl1R93Vn7i+zS15KDVxQijejNCrz8340/2bgLBjR9GtEG8ZVKONDjcqGQ==",
      "license": "MIT",
      "peer": true,
      "dependencies": {
        "stackframe": "^1.3.4"
      }
    },
    "node_modules/ethers": {
      "version": "6.15.0",
      "resolved": "https://registry.npmjs.org/ethers/-/ethers-6.15.0.tgz",
      "integrity": "sha512-Kf/3ZW54L4UT0pZtsY/rf+EkBU7Qi5nnhonjUb8yTXcxH3cdcWrV2cRyk0Xk/4jK6OoHhxxZHriyhje20If2hQ==",
      "funding": [
        {
          "type": "individual",
          "url": "https://github.com/sponsors/ethers-io/"
        },
        {
          "type": "individual",
          "url": "https://www.buymeacoffee.com/ricmoo"
        }
      ],
      "license": "MIT",
      "peer": true,
      "dependencies": {
        "@adraffy/ens-normalize": "1.10.1",
        "@noble/curves": "1.2.0",
        "@noble/hashes": "1.3.2",
        "@types/node": "22.7.5",
        "aes-js": "4.0.0-beta.5",
        "tslib": "2.7.0",
        "ws": "8.17.1"
      },
      "engines": {
        "node": ">=14.0.0"
      }
    },
    "node_modules/ethers/node_modules/@types/node": {
      "version": "22.7.5",
      "resolved": "https://registry.npmjs.org/@types/node/-/node-22.7.5.tgz",
      "integrity": "sha512-jML7s2NAzMWc//QSJ1a3prpk78cOPchGvXJsC3C6R6PSMoooztvRVQEz89gmBTBY1SPMaqo5teB4uNHPdetShQ==",
      "license": "MIT",
      "peer": true,
      "dependencies": {
        "undici-types": "~6.19.2"
      }
    },
    "node_modules/ethers/node_modules/undici-types": {
      "version": "6.19.8",
      "resolved": "https://registry.npmjs.org/undici-types/-/undici-types-6.19.8.tgz",
      "integrity": "sha512-ve2KP6f/JnbPBFyobGHuerC9g1FYGn/F8n1LWTwNxCEzd6IfqTwUQcNXgEtmmQ6DlRrC1hrSrBnCZPokRrDHjw==",
      "license": "MIT",
      "peer": true
    },
    "node_modules/js-sha256": {
      "version": "0.9.0",
      "resolved": "https://registry.npmjs.org/js-sha256/-/js-sha256-0.9.0.tgz",
      "integrity": "sha512-sga3MHh9sgQN2+pJ9VYZ+1LPwXOxuBJBA5nrR5/ofPfuiJBE2hnjsaN8se8JznOmGLN2p49Pe5U/ttafcs/apA==",
      "license": "MIT",
      "peer": true
    },
    "node_modules/libsodium-sumo": {
      "version": "0.7.15",
      "resolved": "https://registry.npmjs.org/libsodium-sumo/-/libsodium-sumo-0.7.15.tgz",
      "integrity": "sha512-5tPmqPmq8T8Nikpm1Nqj0hBHvsLFCXvdhBFV7SGOitQPZAA6jso8XoL0r4L7vmfKXr486fiQInvErHtEvizFMw==",
      "license": "ISC",
      "peer": true
    },
    "node_modules/libsodium-wrappers-sumo": {
      "version": "0.7.15",
      "resolved": "https://registry.npmjs.org/libsodium-wrappers-sumo/-/libsodium-wrappers-sumo-0.7.15.tgz",
      "integrity": "sha512-aSWY8wKDZh5TC7rMvEdTHoyppVq/1dTSAeAR7H6pzd6QRT3vQWcT5pGwCotLcpPEOLXX6VvqihSPkpEhYAjANA==",
      "license": "ISC",
      "peer": true,
      "dependencies": {
        "libsodium-sumo": "^0.7.15"
      }
    },
    "node_modules/long": {
      "version": "3.2.0",
      "resolved": "https://registry.npmjs.org/long/-/long-3.2.0.tgz",
      "integrity": "sha512-ZYvPPOMqUwPoDsbJaR10iQJYnMuZhRTvHYl62ErLIEX7RgFlziSBUUvrt3OVfc47QlHHpzPZYP17g3Fv7oeJkg==",
      "license": "Apache-2.0",
      "peer": true,
      "engines": {
        "node": ">=0.6"
      }
    },
    "node_modules/mina-attestations": {
      "version": "0.5.3",
      "resolved": "https://registry.npmjs.org/mina-attestations/-/mina-attestations-0.5.3.tgz",
      "integrity": "sha512-smGQzJjdR9sEaNrrUZP8XKXpfT23f3iMOaSuATrRpM1Q2INZIBbTZajsXKw8aISBY7/XAcs0TTd8APYa3UMtfQ==",
      "license": "Apache-2.0",
      "peer": true,
      "workspaces": [
        "examples/web-demo",
        "examples/web-demo/api-server"
      ],
      "dependencies": {
        "zod": "^3.24.1"
      },
      "engines": {
        "node": ">=22.0"
      },
      "peerDependencies": {
        "o1js": "^2.3.0"
      }
    },
    "node_modules/o1js": {
      "version": "2.10.0",
      "resolved": "https://pkg.pr.new/o1-labs/o1js@37bfbfa",
      "integrity": "sha512-AvRsqDuykELq5tVuARNaIqJjMoryjyJ98xLM7d88ylZ0v9bDZ2K/sV74HXI3K+lTCryNTZ5q5pAlH43sSg3mOQ==",
      "license": "Apache-2.0",
      "peer": true,
      "dependencies": {
        "blakejs": "1.2.1",
        "cachedir": "^2.4.0",
        "js-sha256": "^0.9.0",
        "libsodium-wrappers-sumo": "^0.7.15",
        "reflect-metadata": "^0.1.13",
        "stacktrace-js": "^2.0.2",
        "tslib": "^2.3.0"
      },
      "bin": {
        "snarky-run": "src/build/run.js"
      },
      "engines": {
        "node": ">=18.14.0"
      }
    },
    "node_modules/reflect-metadata": {
      "version": "0.1.14",
      "resolved": "https://registry.npmjs.org/reflect-metadata/-/reflect-metadata-0.1.14.tgz",
      "integrity": "sha512-ZhYeb6nRaXCfhnndflDK8qI6ZQ/YcWZCISRAWICW9XYqMUwjZM9Z0DveWX/ABN01oxSHwVxKQmxeYZSsm0jh5A==",
      "license": "Apache-2.0",
      "peer": true
    },
    "node_modules/source-map": {
      "version": "0.5.6",
      "resolved": "https://registry.npmjs.org/source-map/-/source-map-0.5.6.tgz",
      "integrity": "sha512-MjZkVp0NHr5+TPihLcadqnlVoGIoWo4IBHptutGh9wI3ttUYvCG26HkSuDi+K6lsZ25syXJXcctwgyVCt//xqA==",
      "license": "BSD-3-Clause",
      "peer": true,
      "engines": {
        "node": ">=0.10.0"
      }
    },
    "node_modules/stack-generator": {
      "version": "2.0.10",
      "resolved": "https://registry.npmjs.org/stack-generator/-/stack-generator-2.0.10.tgz",
      "integrity": "sha512-mwnua/hkqM6pF4k8SnmZ2zfETsRUpWXREfA/goT8SLCV4iOFa4bzOX2nDipWAZFPTjLvQB82f5yaodMVhK0yJQ==",
      "license": "MIT",
      "peer": true,
      "dependencies": {
        "stackframe": "^1.3.4"
      }
    },
    "node_modules/stackframe": {
      "version": "1.3.4",
      "resolved": "https://registry.npmjs.org/stackframe/-/stackframe-1.3.4.tgz",
      "integrity": "sha512-oeVtt7eWQS+Na6F//S4kJ2K2VbRlS9D43mAlMyVpVWovy9o+jfgH8O9agzANzaiLjclA0oYzUXEM4PurhSUChw==",
      "license": "MIT",
      "peer": true
    },
    "node_modules/stacktrace-gps": {
      "version": "3.1.2",
      "resolved": "https://registry.npmjs.org/stacktrace-gps/-/stacktrace-gps-3.1.2.tgz",
      "integrity": "sha512-GcUgbO4Jsqqg6RxfyTHFiPxdPqF+3LFmQhm7MgCuYQOYuWyqxo5pwRPz5d/u6/WYJdEnWfK4r+jGbyD8TSggXQ==",
      "license": "MIT",
      "peer": true,
      "dependencies": {
        "source-map": "0.5.6",
        "stackframe": "^1.3.4"
      }
    },
    "node_modules/stacktrace-js": {
      "version": "2.0.2",
      "resolved": "https://registry.npmjs.org/stacktrace-js/-/stacktrace-js-2.0.2.tgz",
      "integrity": "sha512-Je5vBeY4S1r/RnLydLl0TBTi3F2qdfWmYsGvtfZgEI+SCprPppaIhQf5nGcal4gI4cGpCV/duLcAzT1np6sQqg==",
      "license": "MIT",
      "peer": true,
      "dependencies": {
        "error-stack-parser": "^2.0.6",
        "stack-generator": "^2.0.5",
        "stacktrace-gps": "^3.0.4"
      }
    },
    "node_modules/tslib": {
      "version": "2.7.0",
      "resolved": "https://registry.npmjs.org/tslib/-/tslib-2.7.0.tgz",
      "integrity": "sha512-gLXCKdN1/j47AiHiOkJN69hJmcbGTHI0ImLmbYLHykhgeN0jVGola9yVjFgzCUklsZQMW55o+dW7IXv3RCXDzA==",
      "license": "0BSD",
      "peer": true
    },
    "node_modules/typescript": {
      "version": "5.9.3",
      "resolved": "https://registry.npmjs.org/typescript/-/typescript-5.9.3.tgz",
      "integrity": "sha512-jl1vZzPDinLr9eUt3J/t7V6FgNEw9QjvBPdysz9KfQDD41fQrC2Y4vKQdiaUpFT4bXlb1RHhLpp8wtm6M5TgSw==",
      "license": "Apache-2.0",
      "bin": {
        "tsc": "bin/tsc",
        "tsserver": "bin/tsserver"
      },
      "engines": {
        "node": ">=14.17"
      }
    },
    "node_modules/undici-types": {
      "version": "7.16.0",
      "resolved": "https://registry.npmjs.org/undici-types/-/undici-types-7.16.0.tgz",
      "integrity": "sha512-Zz+aZWSj8LE6zoxD+xrjh4VfkIG8Ya6LvYkZqtUQGJPZjYl53ypCaUwWqo7eI0x66KBGeRo+mlBEkMSeSZ38Nw==",
      "dev": true,
      "license": "MIT"
    },
    "node_modules/ws": {
      "version": "8.17.1",
      "resolved": "https://registry.npmjs.org/ws/-/ws-8.17.1.tgz",
      "integrity": "sha512-6XQFvXTkbfUOZOKKILFG1PDK2NDQs4azKQl26T0YS5CxqWLgXajbPZ+h4gZekJyRqFU8pvnbAbbs/3TgRPy+GQ==",
      "license": "MIT",
      "peer": true,
      "engines": {
        "node": ">=10.0.0"
      },
      "peerDependencies": {
        "bufferutil": "^4.0.1",
        "utf-8-validate": ">=5.0.2"
      },
      "peerDependenciesMeta": {
        "bufferutil": {
          "optional": true
        },
        "utf-8-validate": {
          "optional": true
        }
      }
    },
    "node_modules/zod": {
      "version": "3.25.76",
      "resolved": "https://registry.npmjs.org/zod/-/zod-3.25.76.tgz",
      "integrity": "sha512-gzUt/qt81nXsFGKIFcC3YnfEAx5NkunCfnDlvuBSSFS02bcXu4Lmea0AFIUwbLWxWPx3d9p8S5QoaujKcNQxcQ==",
      "license": "MIT",
      "peer": true,
      "funding": {
        "url": "https://github.com/sponsors/colinhacks"
      }
    }
  }
}
